
Microsoft Visual Studio Solution File, Format Version 12.00
# Visual Studio Version 16
VisualStudioVersion = 16.0.29509.3
MinimumVisualStudioVersion = 10.0.40219.1
Project("{9A19103F-16F7-4668-BE54-9A1E7A4F7556}") = "CodeKata_ModelBinding", "CodeKata_ModelBinding\CodeKata_ModelBinding.csproj", "{AB8DE3E2-36CA-401B-B597-EF4477E98716}"
EndProject
Project("{9A19103F-16F7-4668-BE54-9A1E7A4F7556}") = "List.Core", "List.Core\List.Core.csproj", "{1C941676-F72D-4019-AA6D-6170E8216ADC}"
EndProject
Project("{9A19103F-16F7-4668-BE54-9A1E7A4F7556}") = "List.Data", "List.Data\List.Data.csproj", "{D5012FB4-872F-423C-8D7D-8F3519426E54}"
EndProject
Project("{9A19103F-16F7-4668-BE54-9A1E7A4F7556}") = "CodeKata_OnPost", "CodeKata_OnPost\CodeKata_OnPost.csproj", "{73BE9418-4447-4B1C-9A3D-A0F889C4E69D}"
EndProject
Project("{9A19103F-16F7-4668-BE54-9A1E7A4F7556}") = "ReadExceFileEpp", "ExcelFiles\ReadAndCompare\ReadExceFileEpp\ReadExceFileEpp.csproj", "{F7372761-CBBA-41D4-92A2-F187B495D193}"
EndProject
Project("{9A19103F-16F7-4668-BE54-9A1E7A4F7556}") = "TrainingSession.Core", "TrainingSession.Core\TrainingSession.Core.csproj", "{0A37D146-0964-4DC8-BA06-283BF9BA7F64}"
EndProject
Project("{9A19103F-16F7-4668-BE54-9A1E7A4F7556}") = "HandlingNulls", "HandlingNulls\HandlingNulls.csproj", "{A9010FD0-9907-4EF5-8111-1C14E3B23029}"
EndProject
Project("{9A19103F-16F7-4668-BE54-9A1E7A4F7556}") = "TestKataCode", "TestKataCode\TestKataCode.csproj", "{B9C5F120-5A38-41D9-AEF7-16467C6DC99E}"
EndProject
Project("{FAE04EC0-301F-11D3-BF4B-00C04F79EFBC}") = "CS8NullsHandling", "CS8NullsHandling\CS8NullsHandling.csproj", "{FCBEA936-7210-4FCC-91E4-EAB4FD394441}"
EndProject
Global
	GlobalSection(SolutionConfigurationPlatforms) = preSolution
		Debug|Any CPU = Debug|Any CPU
		Release|Any CPU = Release|Any CPU
	EndGlobalSection
	GlobalSection(ProjectConfigurationPlatforms) = postSolution
		{AB8DE3E2-36CA-401B-B597-EF4477E98716}.Debug|Any CPU.ActiveCfg = Debug|Any CPU
		{AB8DE3E2-36CA-401B-B597-EF4477E98716}.Debug|Any CPU.Build.0 = Debug|Any CPU
		{AB8DE3E2-36CA-401B-B597-EF4477E98716}.Release|Any CPU.ActiveCfg = Release|Any CPU
		{AB8DE3E2-36CA-401B-B597-EF4477E98716}.Release|Any CPU.Build.0 = Release|Any CPU
		{1C941676-F72D-4019-AA6D-6170E8216ADC}.Debug|Any CPU.ActiveCfg = Debug|Any CPU
		{1C941676-F72D-4019-AA6D-6170E8216ADC}.Debug|Any CPU.Build.0 = Debug|Any CPU
		{1C941676-F72D-4019-AA6D-6170E8216ADC}.Release|Any CPU.ActiveCfg = Release|Any CPU
		{1C941676-F72D-4019-AA6D-6170E8216ADC}.Release|Any CPU.Build.0 = Release|Any CPU
		{D5012FB4-872F-423C-8D7D-8F3519426E54}.Debug|Any CPU.ActiveCfg = Debug|Any CPU
		{D5012FB4-872F-423C-8D7D-8F3519426E54}.Debug|Any CPU.Build.0 = Debug|Any CPU
		{D5012FB4-872F-423C-8D7D-8F3519426E54}.Release|Any CPU.ActiveCfg = Release|Any CPU
		{D5012FB4-872F-423C-8D7D-8F3519426E54}.Release|Any CPU.Build.0 = Release|Any CPU
		{73BE9418-4447-4B1C-9A3D-A0F889C4E69D}.Debug|Any CPU.ActiveCfg = Debug|Any CPU
		{73BE9418-4447-4B1C-9A3D-A0F889C4E69D}.Debug|Any CPU.Build.0 = Debug|Any CPU
		{73BE9418-4447-4B1C-9A3D-A0F889C4E69D}.Release|Any CPU.ActiveCfg = Release|Any CPU
		{73BE9418-4447-4B1C-9A3D-A0F889C4E69D}.Release|Any CPU.Build.0 = Release|Any CPU
		{F7372761-CBBA-41D4-92A2-F187B495D193}.Debug|Any CPU.ActiveCfg = Debug|Any CPU
		{F7372761-CBBA-41D4-92A2-F187B495D193}.Debug|Any CPU.Build.0 = Debug|Any CPU
		{F7372761-CBBA-41D4-92A2-F187B495D193}.Release|Any CPU.ActiveCfg = Release|Any CPU
		{F7372761-CBBA-41D4-92A2-F187B495D193}.Release|Any CPU.Build.0 = Release|Any CPU
		{0A37D146-0964-4DC8-BA06-283BF9BA7F64}.Debug|Any CPU.ActiveCfg = Debug|Any CPU
		{0A37D146-0964-4DC8-BA06-283BF9BA7F64}.Debug|Any CPU.Build.0 = Debug|Any CPU
		{0A37D146-0964-4DC8-BA06-283BF9BA7F64}.Release|Any CPU.ActiveCfg = Release|Any CPU
		{0A37D146-0964-4DC8-BA06-283BF9BA7F64}.Release|Any CPU.Build.0 = Release|Any CPU
		{A9010FD0-9907-4EF5-8111-1C14E3B23029}.Debug|Any CPU.ActiveCfg = Debug|Any CPU
		{A9010FD0-9907-4EF5-8111-1C14E3B23029}.Debug|Any CPU.Build.0 = Debug|Any CPU
		{A9010FD0-9907-4EF5-8111-1C14E3B23029}.Release|Any CPU.ActiveCfg = Release|Any CPU
		{A9010FD0-9907-4EF5-8111-1C14E3B23029}.Release|Any CPU.Build.0 = Release|Any CPU
		{B9C5F120-5A38-41D9-AEF7-16467C6DC99E}.Debug|Any CPU.ActiveCfg = Debug|Any CPU
		{B9C5F120-5A38-41D9-AEF7-16467C6DC99E}.Debug|Any CPU.Build.0 = Debug|Any CPU
		{B9C5F120-5A38-41D9-AEF7-16467C6DC99E}.Release|Any CPU.ActiveCfg = Release|Any CPU
		{B9C5F120-5A38-41D9-AEF7-16467C6DC99E}.Release|Any CPU.Build.0 = Release|Any CPU
		{FCBEA936-7210-4FCC-91E4-EAB4FD394441}.Debug|Any CPU.ActiveCfg = Debug|Any CPU
		{FCBEA936-7210-4FCC-91E4-EAB4FD394441}.Debug|Any CPU.Build.0 = Debug|Any CPU
		{FCBEA936-7210-4FCC-91E4-EAB4FD394441}.Release|Any CPU.ActiveCfg = Release|Any CPU
		{FCBEA936-7210-4FCC-91E4-EAB4FD394441}.Release|Any CPU.Build.0 = Release|Any CPU
	EndGlobalSection
	GlobalSection(SolutionProperties) = preSolution
		HideSolutionNode = FALSE
	EndGlobalSection
	GlobalSection(ExtensibilityGlobals) = postSolution
		SolutionGuid = {03EEC286-CFE1-4985-ACBA-EEBD47444F62}
	EndGlobalSection
EndGlobal
