
Microsoft Visual Studio Solution File, Format Version 12.00
# Visual Studio Version 16
VisualStudioVersion = 16.0.29503.13
MinimumVisualStudioVersion = 10.0.40219.1
Project("{FAE04EC0-301F-11D3-BF4B-00C04F79EFBC}") = "CodeKataTests", "CodeKataTests\CodeKataTests.csproj", "{3B978AAB-8917-4FF0-AF96-433EB94D8361}"
EndProject
Project("{FAE04EC0-301F-11D3-BF4B-00C04F79EFBC}") = "MyExtendConfiguration", "ActionReturnExpression\MyExtendConfiguration.csproj", "{77287C5E-66D4-4D57-BB0B-72121848CCAE}"
EndProject
Project("{2150E333-8FDC-42A3-9474-1A3956D46DE8}") = "Messaging", "Messaging", "{73E7F60A-01C3-409F-9CB6-DFE9A2A7C431}"
EndProject
Project("{2150E333-8FDC-42A3-9474-1A3956D46DE8}") = "Common", "Common", "{F8E0C244-7659-4D97-BDA4-00EABBFD8B10}"
EndProject
Project("{FAE04EC0-301F-11D3-BF4B-00C04F79EFBC}") = "Org.Messaging", "Org.Messaging\Org.Messaging.csproj", "{6E1A6B1E-015C-4AF1-B674-A7AFE4886AC2}"
EndProject
Project("{2150E333-8FDC-42A3-9474-1A3956D46DE8}") = "Extensions", "Extensions", "{AFC3E880-8209-4808-8CD2-28015AEFD481}"
EndProject
Project("{FAE04EC0-301F-11D3-BF4B-00C04F79EFBC}") = "Org.Extensions.Messaging", "Org.Extensions.Messaging\Org.Extensions.Messaging.csproj", "{086E0588-103C-4A29-ACFE-BB82D16DBECD}"
EndProject
Global
	GlobalSection(SolutionConfigurationPlatforms) = preSolution
		Debug|Any CPU = Debug|Any CPU
		Release|Any CPU = Release|Any CPU
	EndGlobalSection
	GlobalSection(ProjectConfigurationPlatforms) = postSolution
		{3B978AAB-8917-4FF0-AF96-433EB94D8361}.Debug|Any CPU.ActiveCfg = Debug|Any CPU
		{3B978AAB-8917-4FF0-AF96-433EB94D8361}.Debug|Any CPU.Build.0 = Debug|Any CPU
		{3B978AAB-8917-4FF0-AF96-433EB94D8361}.Release|Any CPU.ActiveCfg = Release|Any CPU
		{3B978AAB-8917-4FF0-AF96-433EB94D8361}.Release|Any CPU.Build.0 = Release|Any CPU
		{77287C5E-66D4-4D57-BB0B-72121848CCAE}.Debug|Any CPU.ActiveCfg = Debug|Any CPU
		{77287C5E-66D4-4D57-BB0B-72121848CCAE}.Debug|Any CPU.Build.0 = Debug|Any CPU
		{77287C5E-66D4-4D57-BB0B-72121848CCAE}.Release|Any CPU.ActiveCfg = Release|Any CPU
		{77287C5E-66D4-4D57-BB0B-72121848CCAE}.Release|Any CPU.Build.0 = Release|Any CPU
		{6E1A6B1E-015C-4AF1-B674-A7AFE4886AC2}.Debug|Any CPU.ActiveCfg = Debug|Any CPU
		{6E1A6B1E-015C-4AF1-B674-A7AFE4886AC2}.Debug|Any CPU.Build.0 = Debug|Any CPU
		{6E1A6B1E-015C-4AF1-B674-A7AFE4886AC2}.Release|Any CPU.ActiveCfg = Release|Any CPU
		{6E1A6B1E-015C-4AF1-B674-A7AFE4886AC2}.Release|Any CPU.Build.0 = Release|Any CPU
		{086E0588-103C-4A29-ACFE-BB82D16DBECD}.Debug|Any CPU.ActiveCfg = Debug|Any CPU
		{086E0588-103C-4A29-ACFE-BB82D16DBECD}.Debug|Any CPU.Build.0 = Debug|Any CPU
		{086E0588-103C-4A29-ACFE-BB82D16DBECD}.Release|Any CPU.ActiveCfg = Release|Any CPU
		{086E0588-103C-4A29-ACFE-BB82D16DBECD}.Release|Any CPU.Build.0 = Release|Any CPU
	EndGlobalSection
	GlobalSection(SolutionProperties) = preSolution
		HideSolutionNode = FALSE
	EndGlobalSection
	GlobalSection(NestedProjects) = preSolution
		{F8E0C244-7659-4D97-BDA4-00EABBFD8B10} = {73E7F60A-01C3-409F-9CB6-DFE9A2A7C431}
		{6E1A6B1E-015C-4AF1-B674-A7AFE4886AC2} = {F8E0C244-7659-4D97-BDA4-00EABBFD8B10}
		{AFC3E880-8209-4808-8CD2-28015AEFD481} = {73E7F60A-01C3-409F-9CB6-DFE9A2A7C431}
		{086E0588-103C-4A29-ACFE-BB82D16DBECD} = {AFC3E880-8209-4808-8CD2-28015AEFD481}
	EndGlobalSection
	GlobalSection(ExtensibilityGlobals) = postSolution
		SolutionGuid = {6DDE7B74-6407-494D-93C1-815C37E756C6}
	EndGlobalSection
EndGlobal
